
Microsoft Visual Studio Solution File, Format Version 12.00
# Visual Studio Version 17
VisualStudioVersion = 17.1.32414.318
MinimumVisualStudioVersion = 10.0.40219.1
Project("{FAE04EC0-301F-11D3-BF4B-00C04F79EFBC}") = "HandsOnTdd.CalculatorApp", "HandsOnTdd.CalculatorApp\HandsOnTdd.CalculatorApp.csproj", "{503DE073-CBE5-45CD-A1A1-E0E9697EC79E}"
EndProject
Project("{FAE04EC0-301F-11D3-BF4B-00C04F79EFBC}") = "HandsOnTdd.CalculatorApp.Tests", "HandsOnTdd.CalculatorApp.Tests\HandsOnTdd.CalculatorApp.Tests.csproj", "{8CA978B2-0FAE-4792-9A24-A27B626C10AF}"
EndProject
Global
	GlobalSection(SolutionConfigurationPlatforms) = preSolution
		Debug|Any CPU = Debug|Any CPU
		Release|Any CPU = Release|Any CPU
	EndGlobalSection
	GlobalSection(ProjectConfigurationPlatforms) = postSolution
		{503DE073-CBE5-45CD-A1A1-E0E9697EC79E}.Debug|Any CPU.ActiveCfg = Debug|Any CPU
		{503DE073-CBE5-45CD-A1A1-E0E9697EC79E}.Debug|Any CPU.Build.0 = Debug|Any CPU
		{503DE073-CBE5-45CD-A1A1-E0E9697EC79E}.Release|Any CPU.ActiveCfg = Release|Any CPU
		{503DE073-CBE5-45CD-A1A1-E0E9697EC79E}.Release|Any CPU.Build.0 = Release|Any CPU
		{8CA978B2-0FAE-4792-9A24-A27B626C10AF}.Debug|Any CPU.ActiveCfg = Debug|Any CPU
		{8CA978B2-0FAE-4792-9A24-A27B626C10AF}.Debug|Any CPU.Build.0 = Debug|Any CPU
		{8CA978B2-0FAE-4792-9A24-A27B626C10AF}.Release|Any CPU.ActiveCfg = Release|Any CPU
		{8CA978B2-0FAE-4792-9A24-A27B626C10AF}.Release|Any CPU.Build.0 = Release|Any CPU
	EndGlobalSection
	GlobalSection(SolutionProperties) = preSolution
		HideSolutionNode = FALSE
	EndGlobalSection
	GlobalSection(ExtensibilityGlobals) = postSolution
		SolutionGuid = {A21D641E-3185-40FF-AE27-C27818FAAED0}
	EndGlobalSection
EndGlobal
